
Microsoft Visual Studio Solution File, Format Version 12.00
# Visual Studio 15
VisualStudioVersion = 15.0.28307.757
MinimumVisualStudioVersion = 10.0.40219.1
Project("{FAE04EC0-301F-11D3-BF4B-00C04F79EFBC}") = "ColumnMerge", "ColumnMerge\ColumnMerge.csproj", "{82CA1B3A-1CD6-4076-A54B-E93FBA699FBC}"
EndProject
Global
	GlobalSection(SolutionConfigurationPlatforms) = preSolution
		Debug|Any CPU = Debug|Any CPU
		Release|Any CPU = Release|Any CPU
	EndGlobalSection
	GlobalSection(ProjectConfigurationPlatforms) = postSolution
		{82CA1B3A-1CD6-4076-A54B-E93FBA699FBC}.Debug|Any CPU.ActiveCfg = Debug|Any CPU
		{82CA1B3A-1CD6-4076-A54B-E93FBA699FBC}.Debug|Any CPU.Build.0 = Debug|Any CPU
		{82CA1B3A-1CD6-4076-A54B-E93FBA699FBC}.Release|Any CPU.ActiveCfg = Release|Any CPU
		{82CA1B3A-1CD6-4076-A54B-E93FBA699FBC}.Release|Any CPU.Build.0 = Release|Any CPU
	EndGlobalSection
	GlobalSection(SolutionProperties) = preSolution
		HideSolutionNode = FALSE
	EndGlobalSection
	GlobalSection(ExtensibilityGlobals) = postSolution
		SolutionGuid = {0C4E84E2-8516-4336-9113-82D602DA1E03}
	EndGlobalSection
EndGlobal
